
Microsoft Visual Studio Solution File, Format Version 12.00
# Visual Studio Version 16
VisualStudioVersion = 16.0.30611.23
MinimumVisualStudioVersion = 10.0.40219.1
Project("{9A19103F-16F7-4668-BE54-9A1E7A4F7556}") = "SubscriptionService", "SubscriptionService.csproj", "{71F03782-6B30-486B-AC49-C71D2ED2B2B9}"
EndProject
Project("{FAE04EC0-301F-11D3-BF4B-00C04F79EFBC}") = "SubscriptionTest", "..\SubscriptionTest\SubscriptionTest.csproj", "{7F372C03-89CB-4DD8-8738-84793473412E}"
EndProject
Global
	GlobalSection(SolutionConfigurationPlatforms) = preSolution
		Debug|Any CPU = Debug|Any CPU
		Release|Any CPU = Release|Any CPU
	EndGlobalSection
	GlobalSection(ProjectConfigurationPlatforms) = postSolution
		{71F03782-6B30-486B-AC49-C71D2ED2B2B9}.Debug|Any CPU.ActiveCfg = Debug|Any CPU
		{71F03782-6B30-486B-AC49-C71D2ED2B2B9}.Debug|Any CPU.Build.0 = Debug|Any CPU
		{71F03782-6B30-486B-AC49-C71D2ED2B2B9}.Release|Any CPU.ActiveCfg = Release|Any CPU
		{71F03782-6B30-486B-AC49-C71D2ED2B2B9}.Release|Any CPU.Build.0 = Release|Any CPU
		{7F372C03-89CB-4DD8-8738-84793473412E}.Debug|Any CPU.ActiveCfg = Debug|Any CPU
		{7F372C03-89CB-4DD8-8738-84793473412E}.Debug|Any CPU.Build.0 = Debug|Any CPU
		{7F372C03-89CB-4DD8-8738-84793473412E}.Release|Any CPU.ActiveCfg = Release|Any CPU
		{7F372C03-89CB-4DD8-8738-84793473412E}.Release|Any CPU.Build.0 = Release|Any CPU
	EndGlobalSection
	GlobalSection(SolutionProperties) = preSolution
		HideSolutionNode = FALSE
	EndGlobalSection
	GlobalSection(ExtensibilityGlobals) = postSolution
		SolutionGuid = {67DC9A4E-6968-4E7C-B44A-DC6694CFF1A3}
	EndGlobalSection
EndGlobal
